
Microsoft Visual Studio Solution File, Format Version 12.00
# Visual Studio Version 16
VisualStudioVersion = 16.0.30011.22
MinimumVisualStudioVersion = 10.0.40219.1
Project("{FAE04EC0-301F-11D3-BF4B-00C04F79EFBC}") = "Appp", "Appp\Appp.csproj", "{B07365CB-0804-4422-AAE8-D1BBD4819688}"
EndProject
Global
	GlobalSection(SolutionConfigurationPlatforms) = preSolution
		Debug|Any CPU = Debug|Any CPU
		Release|Any CPU = Release|Any CPU
	EndGlobalSection
	GlobalSection(ProjectConfigurationPlatforms) = postSolution
		{B07365CB-0804-4422-AAE8-D1BBD4819688}.Debug|Any CPU.ActiveCfg = Debug|Any CPU
		{B07365CB-0804-4422-AAE8-D1BBD4819688}.Debug|Any CPU.Build.0 = Debug|Any CPU
		{B07365CB-0804-4422-AAE8-D1BBD4819688}.Release|Any CPU.ActiveCfg = Release|Any CPU
		{B07365CB-0804-4422-AAE8-D1BBD4819688}.Release|Any CPU.Build.0 = Release|Any CPU
	EndGlobalSection
	GlobalSection(SolutionProperties) = preSolution
		HideSolutionNode = FALSE
	EndGlobalSection
	GlobalSection(ExtensibilityGlobals) = postSolution
		SolutionGuid = {BCD9A32E-6290-44AB-A040-A6F5FE37EB0A}
	EndGlobalSection
EndGlobal
